// !$*UTF8*$!
{
	archiveVersion = 1;
	classes = {
	};
	objectVersion = 46;
	objects = {

/* Begin PBXBuildFile section */
		3E75058F1C5D35C400248A3F /* BlurTransition.swift in Sources */ = {isa = PBXBuildFile; fileRef = 3E75058E1C5D35C400248A3F /* BlurTransition.swift */; };
		3E7F77621C42945200B3BF30 /* CompositeOverBlackFilter.swift in Sources */ = {isa = PBXBuildFile; fileRef = 3E7F77611C42945200B3BF30 /* CompositeOverBlackFilter.swift */; };
		3E97FABA1C421B3F006365F7 /* AppDelegate.swift in Sources */ = {isa = PBXBuildFile; fileRef = 3E97FAB91C421B3F006365F7 /* AppDelegate.swift */; };
		3E97FABC1C421B3F006365F7 /* ViewController.swift in Sources */ = {isa = PBXBuildFile; fileRef = 3E97FABB1C421B3F006365F7 /* ViewController.swift */; };
		3E97FABF1C421B3F006365F7 /* Main.storyboard in Resources */ = {isa = PBXBuildFile; fileRef = 3E97FABD1C421B3F006365F7 /* Main.storyboard */; };
		3E97FAC11C421B3F006365F7 /* Assets.xcassets in Resources */ = {isa = PBXBuildFile; fileRef = 3E97FAC01C421B3F006365F7 /* Assets.xcassets */; };
		3E97FAC41C421B3F006365F7 /* LaunchScreen.storyboard in Resources */ = {isa = PBXBuildFile; fileRef = 3E97FAC21C421B3F006365F7 /* LaunchScreen.storyboard */; };
		3E97FACD1C421BE3006365F7 /* ImageView.swift in Sources */ = {isa = PBXBuildFile; fileRef = 3E97FACC1C421BE3006365F7 /* ImageView.swift */; };
/* End PBXBuildFile section */

/* Begin PBXFileReference section */
		3E75058E1C5D35C400248A3F /* BlurTransition.swift */ = {isa = PBXFileReference; fileEncoding = 4; lastKnownFileType = sourcecode.swift; name = BlurTransition.swift; path = filters/BlurTransition.swift; sourceTree = "<group>"; };
		3E7F77611C42945200B3BF30 /* CompositeOverBlackFilter.swift */ = {isa = PBXFileReference; fileEncoding = 4; lastKnownFileType = sourcecode.swift; name = CompositeOverBlackFilter.swift; path = filters/CompositeOverBlackFilter.swift; sourceTree = "<group>"; };
		3E97FAB61C421B3F006365F7 /* CoreImageTransitionExplorer.app */ = {isa = PBXFileReference; explicitFileType = wrapper.application; includeInIndex = 0; path = CoreImageTransitionExplorer.app; sourceTree = BUILT_PRODUCTS_DIR; };
		3E97FAB91C421B3F006365F7 /* AppDelegate.swift */ = {isa = PBXFileReference; lastKnownFileType = sourcecode.swift; path = AppDelegate.swift; sourceTree = "<group>"; };
		3E97FABB1C421B3F006365F7 /* ViewController.swift */ = {isa = PBXFileReference; lastKnownFileType = sourcecode.swift; path = ViewController.swift; sourceTree = "<group>"; };
		3E97FABE1C421B3F006365F7 /* Base */ = {isa = PBXFileReference; lastKnownFileType = file.storyboard; name = Base; path = Base.lproj/Main.storyboard; sourceTree = "<group>"; };
		3E97FAC01C421B3F006365F7 /* Assets.xcassets */ = {isa = PBXFileReference; lastKnownFileType = folder.assetcatalog; path = Assets.xcassets; sourceTree = "<group>"; };
		3E97FAC31C421B3F006365F7 /* Base */ = {isa = PBXFileReference; lastKnownFileType = file.storyboard; name = Base; path = Base.lproj/LaunchScreen.storyboard; sourceTree = "<group>"; };
		3E97FAC51C421B3F006365F7 /* Info.plist */ = {isa = PBXFileReference; lastKnownFileType = text.plist.xml; path = Info.plist; sourceTree = "<group>"; };
		3E97FACC1C421BE3006365F7 /* ImageView.swift */ = {isa = PBXFileReference; fileEncoding = 4; lastKnownFileType = sourcecode.swift; name = ImageView.swift; path = coreImageHelpers/ImageView.swift; sourceTree = "<group>"; };
/* End PBXFileReference section */

/* Begin PBXFrameworksBuildPhase section */
		3E97FAB31C421B3F006365F7 /* Frameworks */ = {
			isa = PBXFrameworksBuildPhase;
			buildActionMask = 2147483647;
			files = (
			);
			runOnlyForDeploymentPostprocessing = 0;
		};
/* End PBXFrameworksBuildPhase section */

/* Begin PBXGroup section */
		3E7F775C1C424B4B00B3BF30 /* filters */ = {
			isa = PBXGroup;
			children = (
				3E7F77611C42945200B3BF30 /* CompositeOverBlackFilter.swift */,
				3E75058E1C5D35C400248A3F /* BlurTransition.swift */,
			);
			name = filters;
			sourceTree = "<group>";
		};
		3E97FAAD1C421B3F006365F7 = {
			isa = PBXGroup;
			children = (
				3E97FAB81C421B3F006365F7 /* CoreImageTransitionExplorer */,
				3E97FAB71C421B3F006365F7 /* Products */,
			);
			sourceTree = "<group>";
		};
		3E97FAB71C421B3F006365F7 /* Products */ = {
			isa = PBXGroup;
			children = (
				3E97FAB61C421B3F006365F7 /* CoreImageTransitionExplorer.app */,
			);
			name = Products;
			sourceTree = "<group>";
		};
		3E97FAB81C421B3F006365F7 /* CoreImageTransitionExplorer */ = {
			isa = PBXGroup;
			children = (
				3E7F775C1C424B4B00B3BF30 /* filters */,
				3E97FACE1C421CB6006365F7 /* assets */,
				3E97FACB1C421B5D006365F7 /* coreImageHelpers */,
				3E97FAB91C421B3F006365F7 /* AppDelegate.swift */,
				3E97FABB1C421B3F006365F7 /* ViewController.swift */,
				3E97FABD1C421B3F006365F7 /* Main.storyboard */,
				3E97FAC01C421B3F006365F7 /* Assets.xcassets */,
				3E97FAC21C421B3F006365F7 /* LaunchScreen.storyboard */,
				3E97FAC51C421B3F006365F7 /* Info.plist */,
			);
			path = CoreImageTransitionExplorer;
			sourceTree = "<group>";
		};
		3E97FACB1C421B5D006365F7 /* coreImageHelpers */ = {
			isa = PBXGroup;
			children = (
				3E97FACC1C421BE3006365F7 /* ImageView.swift */,
			);
			name = coreImageHelpers;
			sourceTree = "<group>";
		};
		3E97FACE1C421CB6006365F7 /* assets */ = {
			isa = PBXGroup;
			children = (
			);
			name = assets;
			sourceTree = "<group>";
		};
/* End PBXGroup section */

/* Begin PBXNativeTarget section */
		3E97FAB51C421B3F006365F7 /* CoreImageTransitionExplorer */ = {
			isa = PBXNativeTarget;
			buildConfigurationList = 3E97FAC81C421B3F006365F7 /* Build configuration list for PBXNativeTarget "CoreImageTransitionExplorer" */;
			buildPhases = (
				3E97FAB21C421B3F006365F7 /* Sources */,
				3E97FAB31C421B3F006365F7 /* Frameworks */,
				3E97FAB41C421B3F006365F7 /* Resources */,
			);
			buildRules = (
			);
			dependencies = (
			);
			name = CoreImageTransitionExplorer;
			productName = CoreImageTransitionExplorer;
			productReference = 3E97FAB61C421B3F006365F7 /* CoreImageTransitionExplorer.app */;
			productType = "com.apple.product-type.application";
		};
/* End PBXNativeTarget section */

/* Begin PBXProject section */
		3E97FAAE1C421B3F006365F7 /* Project object */ = {
			isa = PBXProject;
			attributes = {
				LastSwiftUpdateCheck = 0720;
				LastUpgradeCheck = 0720;
				ORGANIZATIONNAME = "Simon Gladman";
				TargetAttributes = {
					3E97FAB51C421B3F006365F7 = {
						CreatedOnToolsVersion = 7.2;
					};
				};
			};
			buildConfigurationList = 3E97FAB11C421B3F006365F7 /* Build configuration list for PBXProject "CoreImageTransitionExplorer" */;
			compatibilityVersion = "Xcode 3.2";
			developmentRegion = English;
			hasScannedForEncodings = 0;
			knownRegions = (
				en,
				Base,
			);
			mainGroup = 3E97FAAD1C421B3F006365F7;
			productRefGroup = 3E97FAB71C421B3F006365F7 /* Products */;
			projectDirPath = "";
			projectRoot = "";
			targets = (
				3E97FAB51C421B3F006365F7 /* CoreImageTransitionExplorer */,
			);
		};
/* End PBXProject section */

/* Begin PBXResourcesBuildPhase section */
		3E97FAB41C421B3F006365F7 /* Resources */ = {
			isa = PBXResourcesBuildPhase;
			buildActionMask = 2147483647;
			files = (
				3E97FAC41C421B3F006365F7 /* LaunchScreen.storyboard in Resources */,
				3E97FAC11C421B3F006365F7 /* Assets.xcassets in Resources */,
				3E97FABF1C421B3F006365F7 /* Main.storyboard in Resources */,
			);
			runOnlyForDeploymentPostprocessing = 0;
		};
/* End PBXResourcesBuildPhase section */

/* Begin PBXSourcesBuildPhase section */
		3E97FAB21C421B3F006365F7 /* Sources */ = {
			isa = PBXSourcesBuildPhase;
			buildActionMask = 2147483647;
			files = (
				3E97FACD1C421BE3006365F7 /* ImageView.swift in Sources */,
				3E97FABC1C421B3F006365F7 /* ViewController.swift in Sources */,
				3E75058F1C5D35C400248A3F /* BlurTransition.swift in Sources */,
				3E97FABA1C421B3F006365F7 /* AppDelegate.swift in Sources */,
				3E7F77621C42945200B3BF30 /* CompositeOverBlackFilter.swift in Sources */,
			);
			runOnlyForDeploymentPostprocessing = 0;
		};
/* End PBXSourcesBuildPhase section */

/* Begin PBXVariantGroup section */
		3E97FABD1C421B3F006365F7 /* Main.storyboard */ = {
			isa = PBXVariantGroup;
			children = (
				3E97FABE1C421B3F006365F7 /* Base */,
			);
			name = Main.storyboard;
			sourceTree = "<group>";
		};
		3E97FAC21C421B3F006365F7 /* LaunchScreen.storyboard */ = {
			isa = PBXVariantGroup;
			children = (
				3E97FAC31C421B3F006365F7 /* Base */,
			);
			name = LaunchScreen.storyboard;
			sourceTree = "<group>";
		};
/* End PBXVariantGroup section */

/* Begin XCBuildConfiguration section */
		3E97FAC61C421B3F006365F7 /* Debug */ = {
			isa = XCBuildConfiguration;
			buildSettings = {
				ALWAYS_SEARCH_USER_PATHS = NO;
				CLANG_CXX_LANGUAGE_STANDARD = "gnu++0x";
				CLANG_CXX_LIBRARY = "libc++";
				CLANG_ENABLE_MODULES = YES;
				CLANG_ENABLE_OBJC_ARC = YES;
				CLANG_WARN_BOOL_CONVERSION = YES;
				CLANG_WARN_CONSTANT_CONVERSION = YES;
				CLANG_WARN_DIRECT_OBJC_ISA_USAGE = YES_ERROR;
				CLANG_WARN_EMPTY_BODY = YES;
				CLANG_WARN_ENUM_CONVERSION = YES;
				CLANG_WARN_INT_CONVERSION = YES;
				CLANG_WARN_OBJC_ROOT_CLASS = YES_ERROR;
				CLANG_WARN_UNREACHABLE_CODE = YES;
				CLANG_WARN__DUPLICATE_METHOD_MATCH = YES;
				"CODE_SIGN_IDENTITY[sdk=iphoneos*]" = "iPhone Developer";
				COPY_PHASE_STRIP = NO;
				DEBUG_INFORMATION_FORMAT = dwarf;
				ENABLE_STRICT_OBJC_MSGSEND = YES;
				ENABLE_TESTABILITY = YES;
				GCC_C_LANGUAGE_STANDARD = gnu99;
				GCC_DYNAMIC_NO_PIC = NO;
				GCC_NO_COMMON_BLOCKS = YES;
				GCC_OPTIMIZATION_LEVEL = 0;
				GCC_PREPROCESSOR_DEFINITIONS = (
					"DEBUG=1",
					"$(inherited)",
				);
				GCC_WARN_64_TO_32_BIT_CONVERSION = YES;
				GCC_WARN_ABOUT_RETURN_TYPE = YES_ERROR;
				GCC_WARN_UNDECLARED_SELECTOR = YES;
				GCC_WARN_UNINITIALIZED_AUTOS = YES_AGGRESSIVE;
				GCC_WARN_UNUSED_FUNCTION = YES;
				GCC_WARN_UNUSED_VARIABLE = YES;
				IPHONEOS_DEPLOYMENT_TARGET = 9.2;
				MTL_ENABLE_DEBUG_INFO = YES;
				ONLY_ACTIVE_ARCH = YES;
				SDKROOT = iphoneos;
				SWIFT_OPTIMIZATION_LEVEL = "-Onone";
				TARGETED_DEVICE_FAMILY = 2;
			};
			name = Debug;
		};
		3E97FAC71C421B3F006365F7 /* Release */ = {
			isa = XCBuildConfiguration;
			buildSettings = {
				ALWAYS_SEARCH_USER_PATHS = NO;
				CLANG_CXX_LANGUAGE_STANDARD = "gnu++0x";
				CLANG_CXX_LIBRARY = "libc++";
				CLANG_ENABLE_MODULES = YES;
				CLANG_ENABLE_OBJC_ARC = YES;
				CLANG_WARN_BOOL_CONVERSION = YES;
				CLANG_WARN_CONSTANT_CONVERSION = YES;
				CLANG_WARN_DIRECT_OBJC_ISA_USAGE = YES_ERROR;
				CLANG_WARN_EMPTY_BODY = YES;
				CLANG_WARN_ENUM_CONVERSION = YES;
				CLANG_WARN_INT_CONVERSION = YES;
				CLANG_WARN_OBJC_ROOT_CLASS = YES_ERROR;
				CLANG_WARN_UNREACHABLE_CODE = YES;
				CLANG_WARN__DUPLICATE_METHOD_MATCH = YES;
				"CODE_SIGN_IDENTITY[sdk=iphoneos*]" = "iPhone Developer";
				COPY_PHASE_STRIP = NO;
				DEBUG_INFORMATION_FORMAT = "dwarf-with-dsym";
				ENABLE_NS_ASSERTIONS = NO;
				ENABLE_STRICT_OBJC_MSGSEND = YES;
				GCC_C_LANGUAGE_STANDARD = gnu99;
				GCC_NO_COMMON_BLOCKS = YES;
				GCC_WARN_64_TO_32_BIT_CONVERSION = YES;
				GCC_WARN_ABOUT_RETURN_TYPE = YES_ERROR;
				GCC_WARN_UNDECLARED_SELECTOR = YES;
				GCC_WARN_UNINITIALIZED_AUTOS = YES_AGGRESSIVE;
				GCC_WARN_UNUSED_FUNCTION = YES;
				GCC_WARN_UNUSED_VARIABLE = YES;
				IPHONEOS_DEPLOYMENT_TARGET = 9.2;
				MTL_ENABLE_DEBUG_INFO = NO;
				SDKROOT = iphoneos;
				TARGETED_DEVICE_FAMILY = 2;
				VALIDATE_PRODUCT = YES;
			};
			name = Release;
		};
		3E97FAC91C421B3F006365F7 /* Debug */ = {
			isa = XCBuildConfiguration;
			buildSettings = {
				ASSETCATALOG_COMPILER_APPICON_NAME = AppIcon;
				INFOPLIST_FILE = CoreImageTransitionExplorer/Info.plist;
				LD_RUNPATH_SEARCH_PATHS = "$(inherited) @executable_path/Frameworks";
				PRODUCT_BUNDLE_IDENTIFIER = uk.co.flexmonkey.CoreImageTransitionExplorer;
				PRODUCT_NAME = "$(TARGET_NAME)";
			};
			name = Debug;
		};
		3E97FACA1C421B3F006365F7 /* Release */ = {
			isa = XCBuildConfiguration;
			buildSettings = {
				ASSETCATALOG_COMPILER_APPICON_NAME = AppIcon;
				INFOPLIST_FILE = CoreImageTransitionExplorer/Info.plist;
				LD_RUNPATH_SEARCH_PATHS = "$(inherited) @executable_path/Frameworks";
				PRODUCT_BUNDLE_IDENTIFIER = uk.co.flexmonkey.CoreImageTransitionExplorer;
				PRODUCT_NAME = "$(TARGET_NAME)";
			};
			name = Release;
		};
/* End XCBuildConfiguration section */

/* Begin XCConfigurationList section */
		3E97FAB11C421B3F006365F7 /* Build configuration list for PBXProject "CoreImageTransitionExplorer" */ = {
			isa = XCConfigurationList;
			buildConfigurations = (
				3E97FAC61C421B3F006365F7 /* Debug */,
				3E97FAC71C421B3F006365F7 /* Release */,
			);
			defaultConfigurationIsVisible = 0;
			defaultConfigurationName = Release;
		};
		3E97FAC81C421B3F006365F7 /* Build configuration list for PBXNativeTarget "CoreImageTransitionExplorer" */ = {
			isa = XCConfigurationList;
			buildConfigurations = (
				3E97FAC91C421B3F006365F7 /* Debug */,
				3E97FACA1C421B3F006365F7 /* Release */,
			);
			defaultConfigurationIsVisible = 0;
			defaultConfigurationName = Release;
		};
/* End XCConfigurationList section */
	};
	rootObject = 3E97FAAE1C421B3F006365F7 /* Project object */;
}
